{
  "version": 4,
  "terraform_version": "0.12.4",
  "serial": 11,
  "lineage": "11b1ecc6-f676-21dd-e730-a63a937d6f40",
  "outputs": {},
  "resources": [
    {
      "mode": "managed",
      "type": "google_container_cluster",
      "name": "main",
      "provider": "provider.google",
      "instances": [
        {
          "schema_version": 1,
          "attributes": {
            "additional_zones": [],
            "addons_config": [
              {
                "horizontal_pod_autoscaling": [],
                "http_load_balancing": [],
                "kubernetes_dashboard": [
                  {
                    "disabled": true
                  }
                ],
                "network_policy_config": [
                  {
                    "disabled": true
                  }
                ]
              }
            ],
            "cluster_autoscaling": [],
            "cluster_ipv4_cidr": "10.52.0.0/14",
            "description": "",
            "enable_binary_authorization": null,
            "enable_intranode_visibility": null,
            "enable_kubernetes_alpha": false,
            "enable_legacy_abac": false,
            "enable_tpu": null,
            "endpoint": "35.240.91.68",
            "id": "moneycol-main",
            "initial_node_count": 1,
            "instance_group_urls": [
              "https://www.googleapis.com/compute/v1/projects/moneycol/zones/europe-west1-b/instanceGroups/gke-moneycol-main-main-pool-ac0c4442-grp"
            ],
            "ip_allocation_policy": [],
            "location": "europe-west1-b",
            "logging_service": "none",
            "maintenance_policy": [],
            "master_auth": [
              {
                "client_certificate": "",
                "client_certificate_config": [
                  {
                    "issue_client_certificate": false
                  }
                ],
                "client_key": "",
                "cluster_ca_certificate": "LS0tLS1CRUdJTiBDRVJUSUZJQ0FURS0tLS0tCk1JSURERENDQWZTZ0F3SUJBZ0lSQUsxdDl1a01BM0tJcjF5Y0VGY1dZSFV3RFFZSktvWklodmNOQVFFTEJRQXcKTHpFdE1Dc0dBMVVFQXhNa05EZGtaRE14WkRjdE9HVXpPQzAwTnpJekxUbGtaV1F0TmpGbFpEZGtNVGRoWVdVMApNQjRYRFRFNU1UQXhOekl4TXpFek0xb1hEVEkwTVRBeE5USXlNekV6TTFvd0x6RXRNQ3NHQTFVRUF4TWtORGRrClpETXhaRGN0T0dVek9DMDBOekl6TFRsa1pXUXROakZsWkRka01UZGhZV1UwTUlJQklqQU5CZ2txaGtpRzl3MEIKQVFFRkFBT0NBUThBTUlJQkNnS0NBUUVBclpGTDFKQ1crS1dWc2E1UFQ4RVVMQUNlWisxcTJmRHU4bUFPOGRGLwphTDZ6ZTV0UG5CNmt2OTk4RENUTnFyR2V5Q3JreEl0RzY3aUdWK0x2dEhnYklrZXd0OHB4QUN4MXcxUDRSOXhVCkt4N2c5bGltYjl4K2ZSRlVEL2hTNXMxdmlGd3E4YUROSmJRV0ZoVG0zejJRSEtOVjY4UVROdFpSM1pnZlV5Ly8KcGRCOWZ1aHB1NzdMZWMwM01SbHp3SnN6TGlHR1Z4ZzM1NFRlald2Ump4amEwb3BpSDJlY25MSDBVL3JlY1htdApGcHUramNhYUQ1cU5JYkZoQXNQK3Z5NTNiUGxzTjRkbWlNV1FrbHdJWENIUmRBSTVPYUFlQnpqU1V1ZCtIejFPClA4TmFJOVpJTjBkSDA4WDhoQ0R4SG1td0dmK2FPaCtZakUwZGQ3cUMzY1ZrMXdJREFRQUJveU13SVRBT0JnTlYKSFE4QkFmOEVCQU1DQWdRd0R3WURWUjBUQVFIL0JBVXdBd0VCL3pBTkJna3Foa2lHOXcwQkFRc0ZBQU9DQVFFQQpYVVhtYTM1WjRNZ1NHVFdWelBrNVZjdCtTdEFNMEdWckVhRHhPOW9vdEUzcWxuQ1kzaVVrVVhnc2NuS2IrSmwrCnA4R210UzRuNllvYm5NTlFtSzl3TEwwYWE5WStPKzhDS3JMZHdIcEttYnJzYzBhUGRpVkJxVkVTMWVkT2ptdFEKWWh1Ym9wbzM1SjRDY254cllycmxEVm96MUtBSmFzTXJOMXFWVGpwNEcyYVhESTJxb2tnUDZTb3p3cEdJNVprVgpHRzNPQitkTFB1WmJCZHNyei9CWFpHKyt0cjBPOUxFWHdiWGJNMEdCcWFpK2VqV2I5WVp0cEszWGhaMEpNODNoCk9BSW1MV2tZZkJUMzZrN003QjZDLzBFMzZTR0MvQ3ZlQmJjYWEvdlgweTUwcXRyU283a2xNT3J5L043Y0p3eFQKL05GTUZMWnZEOFdFc3ozTkVJblVkQT09Ci0tLS0tRU5EIENFUlRJRklDQVRFLS0tLS0K",
                "password": "4dmin_gcloud_moneycol_1",
                "username": "admin"
              }
            ],
            "master_authorized_networks_config": [],
            "master_version": "1.13.10-gke.0",
            "min_master_version": null,
            "monitoring_service": "none",
            "name": "moneycol-main",
            "network": "projects/moneycol/global/networks/default",
            "network_policy": [
              {
                "enabled": false,
                "provider": "PROVIDER_UNSPECIFIED"
              }
            ],
            "node_config": [
              {
                "disk_size_gb": 10,
                "disk_type": "pd-standard",
                "guest_accelerator": [],
                "image_type": "COS",
                "labels": {},
                "local_ssd_count": 0,
                "machine_type": "f1-micro",
                "metadata": {
                  "disable-legacy-endpoints": "true"
                },
                "min_cpu_platform": "",
                "oauth_scopes": [
                  "https://www.googleapis.com/auth/compute",
                  "https://www.googleapis.com/auth/devstorage.read_only",
                  "https://www.googleapis.com/auth/logging.write",
                  "https://www.googleapis.com/auth/monitoring"
                ],
                "preemptible": true,
                "sandbox_config": [],
                "service_account": "default",
                "tags": [],
                "taint": [],
                "workload_metadata_config": []
              }
            ],
            "node_locations": [],
            "node_pool": [
              {
                "autoscaling": [],
                "initial_node_count": 3,
                "instance_group_urls": [
                  "https://www.googleapis.com/compute/v1/projects/moneycol/zones/europe-west1-b/instanceGroupManagers/gke-moneycol-main-main-pool-ac0c4442-grp"
                ],
                "management": [
                  {
                    "auto_repair": true,
                    "auto_upgrade": false
                  }
                ],
                "max_pods_per_node": 0,
                "name": "main-pool",
                "name_prefix": "",
                "node_config": [
                  {
                    "disk_size_gb": 10,
                    "disk_type": "pd-standard",
                    "guest_accelerator": [],
                    "image_type": "COS",
                    "labels": {},
                    "local_ssd_count": 0,
                    "machine_type": "f1-micro",
                    "metadata": {
                      "disable-legacy-endpoints": "true"
                    },
                    "min_cpu_platform": "",
                    "oauth_scopes": [
                      "https://www.googleapis.com/auth/compute",
                      "https://www.googleapis.com/auth/devstorage.read_only",
                      "https://www.googleapis.com/auth/logging.write",
                      "https://www.googleapis.com/auth/monitoring"
                    ],
                    "preemptible": true,
                    "sandbox_config": [],
                    "service_account": "default",
                    "tags": [],
                    "taint": [],
                    "workload_metadata_config": []
                  }
                ],
                "node_count": 3,
                "version": "1.13.10-gke.0"
              }
            ],
            "node_version": "1.13.10-gke.0",
            "pod_security_policy_config": [],
            "private_cluster_config": [],
            "project": "moneycol",
            "region": null,
            "remove_default_node_pool": true,
            "resource_labels": {},
            "services_ipv4_cidr": "10.55.240.0/20",
            "subnetwork": "projects/moneycol/regions/europe-west1/subnetworks/default",
            "timeouts": null,
            "zone": "europe-west1-b"
          },
          "private": "eyJlMmJmYjczMC1lY2FhLTExZTYtOGY4OC0zNDM2M2JjN2M0YzAiOnsiY3JlYXRlIjoxODAwMDAwMDAwMDAwLCJkZWxldGUiOjE4MDAwMDAwMDAwMDAsInVwZGF0ZSI6MzYwMDAwMDAwMDAwMH0sInNjaGVtYV92ZXJzaW9uIjoiMSJ9"
        }
      ]
    },
    {
      "mode": "managed",
      "type": "google_container_node_pool",
      "name": "es_node_pool",
      "provider": "provider.google-beta",
      "instances": [
        {
          "schema_version": 1,
          "attributes": {
            "autoscaling": [],
            "cluster": "moneycol-main",
            "id": "europe-west1-b/moneycol-main/elasticsearch-pool",
            "initial_node_count": 1,
            "instance_group_urls": [
              "https://www.googleapis.com/compute/v1/projects/moneycol/zones/europe-west1-b/instanceGroupManagers/gke-moneycol-main-elasticsearch-pool-b8711571-grp"
            ],
            "location": "europe-west1-b",
            "management": [
              {
                "auto_repair": true,
                "auto_upgrade": false
              }
            ],
            "max_pods_per_node": null,
            "name": "elasticsearch-pool",
            "name_prefix": "",
            "node_config": [
              {
                "disk_size_gb": 11,
                "disk_type": "pd-standard",
                "guest_accelerator": [],
                "image_type": "COS",
                "labels": {},
                "local_ssd_count": 0,
                "machine_type": "n1-standard-1",
                "metadata": {
                  "disable-legacy-endpoints": "true"
                },
                "min_cpu_platform": "",
                "oauth_scopes": [
                  "https://www.googleapis.com/auth/compute",
                  "https://www.googleapis.com/auth/devstorage.read_only",
                  "https://www.googleapis.com/auth/logging.write",
                  "https://www.googleapis.com/auth/monitoring"
                ],
                "preemptible": true,
                "sandbox_config": [],
                "service_account": "default",
                "tags": null,
                "taint": [],
                "workload_metadata_config": []
              }
            ],
            "node_count": 1,
            "project": "moneycol",
            "region": null,
            "timeouts": null,
            "version": "1.13.10-gke.0",
            "zone": "europe-west1-b"
          },
          "private": "eyJlMmJmYjczMC1lY2FhLTExZTYtOGY4OC0zNDM2M2JjN2M0YzAiOnsiY3JlYXRlIjoxODAwMDAwMDAwMDAwLCJkZWxldGUiOjYwMDAwMDAwMDAwMCwidXBkYXRlIjo2MDAwMDAwMDAwMDB9LCJzY2hlbWFfdmVyc2lvbiI6IjEifQ==",
          "depends_on": [
            "google_container_cluster.main"
          ]
        }
      ]
    },
    {
      "mode": "managed",
      "type": "google_container_node_pool",
      "name": "main_node_pool",
      "provider": "provider.google-beta",
      "instances": [
        {
          "schema_version": 1,
          "attributes": {
            "autoscaling": [],
            "cluster": "moneycol-main",
            "id": "europe-west1-b/moneycol-main/main-pool",
            "initial_node_count": 3,
            "instance_group_urls": [
              "https://www.googleapis.com/compute/v1/projects/moneycol/zones/europe-west1-b/instanceGroupManagers/gke-moneycol-main-main-pool-ac0c4442-grp"
            ],
            "location": "europe-west1-b",
            "management": [
              {
                "auto_repair": true,
                "auto_upgrade": false
              }
            ],
            "max_pods_per_node": null,
            "name": "main-pool",
            "name_prefix": "",
            "node_config": [
              {
                "disk_size_gb": 10,
                "disk_type": "pd-standard",
                "guest_accelerator": [],
                "image_type": "COS",
                "labels": {},
                "local_ssd_count": 0,
                "machine_type": "f1-micro",
                "metadata": {
                  "disable-legacy-endpoints": "true"
                },
                "min_cpu_platform": "",
                "oauth_scopes": [
                  "https://www.googleapis.com/auth/compute",
                  "https://www.googleapis.com/auth/devstorage.read_only",
                  "https://www.googleapis.com/auth/logging.write",
                  "https://www.googleapis.com/auth/monitoring"
                ],
                "preemptible": true,
                "sandbox_config": [],
                "service_account": "default",
                "tags": [],
                "taint": [],
                "workload_metadata_config": []
              }
            ],
            "node_count": 3,
            "project": "moneycol",
            "region": null,
            "timeouts": null,
            "version": "1.13.10-gke.0",
            "zone": "europe-west1-b"
          },
          "private": "eyJlMmJmYjczMC1lY2FhLTExZTYtOGY4OC0zNDM2M2JjN2M0YzAiOnsiY3JlYXRlIjoxODAwMDAwMDAwMDAwLCJkZWxldGUiOjYwMDAwMDAwMDAwMCwidXBkYXRlIjo2MDAwMDAwMDAwMDB9LCJzY2hlbWFfdmVyc2lvbiI6IjEifQ==",
          "depends_on": [
            "google_container_cluster.main"
          ]
        }
      ]
    }
  ]
}
